
Microsoft Visual Studio Solution File, Format Version 12.00
# Visual Studio Version 16
VisualStudioVersion = 16.0.31402.337
MinimumVisualStudioVersion = 10.0.40219.1
Project("{8BC9CEB8-8B4A-11D0-8D11-00A0C91BC942}") = "Day01", "Day1\Day1.vcxproj", "{903AE584-70CA-4F2D-ABED-4BF2FCAF610A}"
EndProject
Project("{8BC9CEB8-8B4A-11D0-8D11-00A0C91BC942}") = "Day02", "Day2\Day2.vcxproj", "{4599618D-9F19-4ABC-AD53-2E9D27D724F8}"
EndProject
Project("{8BC9CEB8-8B4A-11D0-8D11-00A0C91BC942}") = "Day03", "Day3\Day3.vcxproj", "{463094CD-8BF7-4694-881D-A0D5E8E70B3E}"
EndProject
Project("{8BC9CEB8-8B4A-11D0-8D11-00A0C91BC942}") = "Day04", "Day4\Day4.vcxproj", "{A1648061-A38E-491C-8B35-40D592AB0366}"
EndProject
Project("{8BC9CEB8-8B4A-11D0-8D11-00A0C91BC942}") = "Day05", "Day5\Day5.vcxproj", "{64618920-3165-4173-9A1B-ED2FF219FFA9}"
EndProject
Project("{8BC9CEB8-8B4A-11D0-8D11-00A0C91BC942}") = "Day06", "Day6\Day6.vcxproj", "{4935CB22-FC57-4F8D-8C58-08A8D947D35D}"
EndProject
Project("{8BC9CEB8-8B4A-11D0-8D11-00A0C91BC942}") = "Day07", "Day7\Day7.vcxproj", "{F366A0CF-A0C1-43E3-A9EA-212A183A79B5}"
EndProject
Project("{8BC9CEB8-8B4A-11D0-8D11-00A0C91BC942}") = "Day08", "Day8\Day8.vcxproj", "{D7A7D9A6-7E6E-4BDC-83BE-B0D0DA288E00}"
EndProject
Project("{8BC9CEB8-8B4A-11D0-8D11-00A0C91BC942}") = "Day09", "Day9\Day9.vcxproj", "{DD87D048-FD97-4E1E-90F4-0070815555EC}"
EndProject
Project("{8BC9CEB8-8B4A-11D0-8D11-00A0C91BC942}") = "Day10", "Day10\Day10.vcxproj", "{28C73AF6-496D-44E4-BFD8-F36F9D250CF7}"
EndProject
Global
	GlobalSection(SolutionConfigurationPlatforms) = preSolution
		Debug|x64 = Debug|x64
		Debug|x86 = Debug|x86
		Release|x64 = Release|x64
		Release|x86 = Release|x86
	EndGlobalSection
	GlobalSection(ProjectConfigurationPlatforms) = postSolution
		{903AE584-70CA-4F2D-ABED-4BF2FCAF610A}.Debug|x64.ActiveCfg = Debug|x64
		{903AE584-70CA-4F2D-ABED-4BF2FCAF610A}.Debug|x64.Build.0 = Debug|x64
		{903AE584-70CA-4F2D-ABED-4BF2FCAF610A}.Debug|x86.ActiveCfg = Debug|Win32
		{903AE584-70CA-4F2D-ABED-4BF2FCAF610A}.Debug|x86.Build.0 = Debug|Win32
		{903AE584-70CA-4F2D-ABED-4BF2FCAF610A}.Release|x64.ActiveCfg = Release|x64
		{903AE584-70CA-4F2D-ABED-4BF2FCAF610A}.Release|x64.Build.0 = Release|x64
		{903AE584-70CA-4F2D-ABED-4BF2FCAF610A}.Release|x86.ActiveCfg = Release|Win32
		{903AE584-70CA-4F2D-ABED-4BF2FCAF610A}.Release|x86.Build.0 = Release|Win32
		{4599618D-9F19-4ABC-AD53-2E9D27D724F8}.Debug|x64.ActiveCfg = Debug|x64
		{4599618D-9F19-4ABC-AD53-2E9D27D724F8}.Debug|x64.Build.0 = Debug|x64
		{4599618D-9F19-4ABC-AD53-2E9D27D724F8}.Debug|x86.ActiveCfg = Debug|Win32
		{4599618D-9F19-4ABC-AD53-2E9D27D724F8}.Debug|x86.Build.0 = Debug|Win32
		{4599618D-9F19-4ABC-AD53-2E9D27D724F8}.Release|x64.ActiveCfg = Release|x64
		{4599618D-9F19-4ABC-AD53-2E9D27D724F8}.Release|x64.Build.0 = Release|x64
		{4599618D-9F19-4ABC-AD53-2E9D27D724F8}.Release|x86.ActiveCfg = Release|Win32
		{4599618D-9F19-4ABC-AD53-2E9D27D724F8}.Release|x86.Build.0 = Release|Win32
		{463094CD-8BF7-4694-881D-A0D5E8E70B3E}.Debug|x64.ActiveCfg = Debug|x64
		{463094CD-8BF7-4694-881D-A0D5E8E70B3E}.Debug|x64.Build.0 = Debug|x64
		{463094CD-8BF7-4694-881D-A0D5E8E70B3E}.Debug|x86.ActiveCfg = Debug|Win32
		{463094CD-8BF7-4694-881D-A0D5E8E70B3E}.Debug|x86.Build.0 = Debug|Win32
		{463094CD-8BF7-4694-881D-A0D5E8E70B3E}.Release|x64.ActiveCfg = Release|x64
		{463094CD-8BF7-4694-881D-A0D5E8E70B3E}.Release|x64.Build.0 = Release|x64
		{463094CD-8BF7-4694-881D-A0D5E8E70B3E}.Release|x86.ActiveCfg = Release|Win32
		{463094CD-8BF7-4694-881D-A0D5E8E70B3E}.Release|x86.Build.0 = Release|Win32
		{A1648061-A38E-491C-8B35-40D592AB0366}.Debug|x64.ActiveCfg = Debug|x64
		{A1648061-A38E-491C-8B35-40D592AB0366}.Debug|x64.Build.0 = Debug|x64
		{A1648061-A38E-491C-8B35-40D592AB0366}.Debug|x86.ActiveCfg = Debug|Win32
		{A1648061-A38E-491C-8B35-40D592AB0366}.Debug|x86.Build.0 = Debug|Win32
		{A1648061-A38E-491C-8B35-40D592AB0366}.Release|x64.ActiveCfg = Release|x64
		{A1648061-A38E-491C-8B35-40D592AB0366}.Release|x64.Build.0 = Release|x64
		{A1648061-A38E-491C-8B35-40D592AB0366}.Release|x86.ActiveCfg = Release|Win32
		{A1648061-A38E-491C-8B35-40D592AB0366}.Release|x86.Build.0 = Release|Win32
		{64618920-3165-4173-9A1B-ED2FF219FFA9}.Debug|x64.ActiveCfg = Debug|x64
		{64618920-3165-4173-9A1B-ED2FF219FFA9}.Debug|x64.Build.0 = Debug|x64
		{64618920-3165-4173-9A1B-ED2FF219FFA9}.Debug|x86.ActiveCfg = Debug|Win32
		{64618920-3165-4173-9A1B-ED2FF219FFA9}.Debug|x86.Build.0 = Debug|Win32
		{64618920-3165-4173-9A1B-ED2FF219FFA9}.Release|x64.ActiveCfg = Release|x64
		{64618920-3165-4173-9A1B-ED2FF219FFA9}.Release|x64.Build.0 = Release|x64
		{64618920-3165-4173-9A1B-ED2FF219FFA9}.Release|x86.ActiveCfg = Release|Win32
		{64618920-3165-4173-9A1B-ED2FF219FFA9}.Release|x86.Build.0 = Release|Win32
		{4935CB22-FC57-4F8D-8C58-08A8D947D35D}.Debug|x64.ActiveCfg = Debug|x64
		{4935CB22-FC57-4F8D-8C58-08A8D947D35D}.Debug|x64.Build.0 = Debug|x64
		{4935CB22-FC57-4F8D-8C58-08A8D947D35D}.Debug|x86.ActiveCfg = Debug|Win32
		{4935CB22-FC57-4F8D-8C58-08A8D947D35D}.Debug|x86.Build.0 = Debug|Win32
		{4935CB22-FC57-4F8D-8C58-08A8D947D35D}.Release|x64.ActiveCfg = Release|x64
		{4935CB22-FC57-4F8D-8C58-08A8D947D35D}.Release|x64.Build.0 = Release|x64
		{4935CB22-FC57-4F8D-8C58-08A8D947D35D}.Release|x86.ActiveCfg = Release|Win32
		{4935CB22-FC57-4F8D-8C58-08A8D947D35D}.Release|x86.Build.0 = Release|Win32
		{F366A0CF-A0C1-43E3-A9EA-212A183A79B5}.Debug|x64.ActiveCfg = Debug|x64
		{F366A0CF-A0C1-43E3-A9EA-212A183A79B5}.Debug|x64.Build.0 = Debug|x64
		{F366A0CF-A0C1-43E3-A9EA-212A183A79B5}.Debug|x86.ActiveCfg = Debug|Win32
		{F366A0CF-A0C1-43E3-A9EA-212A183A79B5}.Debug|x86.Build.0 = Debug|Win32
		{F366A0CF-A0C1-43E3-A9EA-212A183A79B5}.Release|x64.ActiveCfg = Release|x64
		{F366A0CF-A0C1-43E3-A9EA-212A183A79B5}.Release|x64.Build.0 = Release|x64
		{F366A0CF-A0C1-43E3-A9EA-212A183A79B5}.Release|x86.ActiveCfg = Release|Win32
		{F366A0CF-A0C1-43E3-A9EA-212A183A79B5}.Release|x86.Build.0 = Release|Win32
		{D7A7D9A6-7E6E-4BDC-83BE-B0D0DA288E00}.Debug|x64.ActiveCfg = Debug|x64
		{D7A7D9A6-7E6E-4BDC-83BE-B0D0DA288E00}.Debug|x64.Build.0 = Debug|x64
		{D7A7D9A6-7E6E-4BDC-83BE-B0D0DA288E00}.Debug|x86.ActiveCfg = Debug|Win32
		{D7A7D9A6-7E6E-4BDC-83BE-B0D0DA288E00}.Debug|x86.Build.0 = Debug|Win32
		{D7A7D9A6-7E6E-4BDC-83BE-B0D0DA288E00}.Release|x64.ActiveCfg = Release|x64
		{D7A7D9A6-7E6E-4BDC-83BE-B0D0DA288E00}.Release|x64.Build.0 = Release|x64
		{D7A7D9A6-7E6E-4BDC-83BE-B0D0DA288E00}.Release|x86.ActiveCfg = Release|Win32
		{D7A7D9A6-7E6E-4BDC-83BE-B0D0DA288E00}.Release|x86.Build.0 = Release|Win32
		{DD87D048-FD97-4E1E-90F4-0070815555EC}.Debug|x64.ActiveCfg = Debug|x64
		{DD87D048-FD97-4E1E-90F4-0070815555EC}.Debug|x64.Build.0 = Debug|x64
		{DD87D048-FD97-4E1E-90F4-0070815555EC}.Debug|x86.ActiveCfg = Debug|Win32
		{DD87D048-FD97-4E1E-90F4-0070815555EC}.Debug|x86.Build.0 = Debug|Win32
		{DD87D048-FD97-4E1E-90F4-0070815555EC}.Release|x64.ActiveCfg = Release|x64
		{DD87D048-FD97-4E1E-90F4-0070815555EC}.Release|x64.Build.0 = Release|x64
		{DD87D048-FD97-4E1E-90F4-0070815555EC}.Release|x86.ActiveCfg = Release|Win32
		{DD87D048-FD97-4E1E-90F4-0070815555EC}.Release|x86.Build.0 = Release|Win32
		{28C73AF6-496D-44E4-BFD8-F36F9D250CF7}.Debug|x64.ActiveCfg = Debug|x64
		{28C73AF6-496D-44E4-BFD8-F36F9D250CF7}.Debug|x64.Build.0 = Debug|x64
		{28C73AF6-496D-44E4-BFD8-F36F9D250CF7}.Debug|x86.ActiveCfg = Debug|Win32
		{28C73AF6-496D-44E4-BFD8-F36F9D250CF7}.Debug|x86.Build.0 = Debug|Win32
		{28C73AF6-496D-44E4-BFD8-F36F9D250CF7}.Release|x64.ActiveCfg = Release|x64
		{28C73AF6-496D-44E4-BFD8-F36F9D250CF7}.Release|x64.Build.0 = Release|x64
		{28C73AF6-496D-44E4-BFD8-F36F9D250CF7}.Release|x86.ActiveCfg = Release|Win32
		{28C73AF6-496D-44E4-BFD8-F36F9D250CF7}.Release|x86.Build.0 = Release|Win32
	EndGlobalSection
	GlobalSection(SolutionProperties) = preSolution
		HideSolutionNode = FALSE
	EndGlobalSection
	GlobalSection(ExtensibilityGlobals) = postSolution
		SolutionGuid = {C465902F-6E16-48E1-AA77-1502DB25CC00}
	EndGlobalSection
EndGlobal
